
Microsoft Visual Studio Solution File, Format Version 12.00
# Visual Studio Version 17
VisualStudioVersion = 17.0.31903.59
MinimumVisualStudioVersion = 10.0.40219.1
Project("{9A19103F-16F7-4668-BE54-9A1E7A4F7556}") = "Av.ApiClient.Deputy", "src\Av.ApiClient.Deputy\Av.ApiClient.Deputy.csproj", "{F06D70C7-AC4C-4AC7-BF04-D0190B2941A7}"
EndProject
Project("{9A19103F-16F7-4668-BE54-9A1E7A4F7556}") = "Av.ApiClient.Deputy.Tests", "src\Av.ApiClient.Deputy.Tests\Av.ApiClient.Deputy.Tests.csproj", "{46764B9D-DDFF-4C7A-B617-0C998C906AC3}"
EndProject
Global
	GlobalSection(SolutionConfigurationPlatforms) = preSolution
		Debug|Any CPU = Debug|Any CPU
		Release|Any CPU = Release|Any CPU
	EndGlobalSection
	GlobalSection(ProjectConfigurationPlatforms) = postSolution
		{F06D70C7-AC4C-4AC7-BF04-D0190B2941A7}.Debug|Any CPU.ActiveCfg = Debug|Any CPU
		{F06D70C7-AC4C-4AC7-BF04-D0190B2941A7}.Debug|Any CPU.Build.0 = Debug|Any CPU
		{F06D70C7-AC4C-4AC7-BF04-D0190B2941A7}.Release|Any CPU.ActiveCfg = Release|Any CPU
		{F06D70C7-AC4C-4AC7-BF04-D0190B2941A7}.Release|Any CPU.Build.0 = Release|Any CPU
		{46764B9D-DDFF-4C7A-B617-0C998C906AC3}.Debug|Any CPU.ActiveCfg = Debug|Any CPU
		{46764B9D-DDFF-4C7A-B617-0C998C906AC3}.Debug|Any CPU.Build.0 = Debug|Any CPU
		{46764B9D-DDFF-4C7A-B617-0C998C906AC3}.Release|Any CPU.ActiveCfg = Release|Any CPU
		{46764B9D-DDFF-4C7A-B617-0C998C906AC3}.Release|Any CPU.Build.0 = Release|Any CPU
	EndGlobalSection
	GlobalSection(SolutionProperties) = preSolution
		HideSolutionNode = FALSE
	EndGlobalSection
EndGlobal
